
Microsoft Visual Studio Solution File, Format Version 12.00
# Visual Studio 15
VisualStudioVersion = 15.0.28307.757
MinimumVisualStudioVersion = 10.0.40219.1
Project("{FAE04EC0-301F-11D3-BF4B-00C04F79EFBC}") = "Web.Site", "Web.Site\Web.Site.csproj", "{45CDE0CC-4334-4F25-9370-A395A46F3F85}"
EndProject
Project("{FAE04EC0-301F-11D3-BF4B-00C04F79EFBC}") = "Web.CodeBehind", "Web.CodeBehind\Web.CodeBehind.csproj", "{368F33BD-854A-469E-8B53-F3B56E7024D2}"
EndProject
Project("{2150E333-8FDC-42A3-9474-1A3956D46DE8}") = "Solution Items", "Solution Items", "{8F161F58-03F0-4A40-8A1A-4FF02B8C54FB}"
	ProjectSection(SolutionItems) = preProject
		README.md = README.md
	EndProjectSection
EndProject
Global
	GlobalSection(SolutionConfigurationPlatforms) = preSolution
		Debug|Any CPU = Debug|Any CPU
		Release|Any CPU = Release|Any CPU
	EndGlobalSection
	GlobalSection(ProjectConfigurationPlatforms) = postSolution
		{45CDE0CC-4334-4F25-9370-A395A46F3F85}.Debug|Any CPU.ActiveCfg = Debug|Any CPU
		{45CDE0CC-4334-4F25-9370-A395A46F3F85}.Debug|Any CPU.Build.0 = Debug|Any CPU
		{45CDE0CC-4334-4F25-9370-A395A46F3F85}.Release|Any CPU.ActiveCfg = Release|Any CPU
		{45CDE0CC-4334-4F25-9370-A395A46F3F85}.Release|Any CPU.Build.0 = Release|Any CPU
		{368F33BD-854A-469E-8B53-F3B56E7024D2}.Debug|Any CPU.ActiveCfg = Debug|Any CPU
		{368F33BD-854A-469E-8B53-F3B56E7024D2}.Debug|Any CPU.Build.0 = Debug|Any CPU
		{368F33BD-854A-469E-8B53-F3B56E7024D2}.Release|Any CPU.ActiveCfg = Release|Any CPU
		{368F33BD-854A-469E-8B53-F3B56E7024D2}.Release|Any CPU.Build.0 = Release|Any CPU
	EndGlobalSection
	GlobalSection(SolutionProperties) = preSolution
		HideSolutionNode = FALSE
	EndGlobalSection
	GlobalSection(ExtensibilityGlobals) = postSolution
		SolutionGuid = {D36BA26D-99E4-4D54-93A1-98D67FD77FE1}
	EndGlobalSection
EndGlobal
